
Microsoft Visual Studio Solution File, Format Version 12.00
# Visual Studio Version 16
VisualStudioVersion = 16.0.33920.266
MinimumVisualStudioVersion = 10.0.40219.1
Project("{FAE04EC0-301F-11D3-BF4B-00C04F79EFBC}") = "ConsoleApp1", "ConsoleApp1\ConsoleApp1.csproj", "{940D4B52-D113-4AB1-8973-3E50E4EE1115}"
EndProject
Global
	GlobalSection(SolutionConfigurationPlatforms) = preSolution
		Debug|Any CPU = Debug|Any CPU
		Release|Any CPU = Release|Any CPU
	EndGlobalSection
	GlobalSection(ProjectConfigurationPlatforms) = postSolution
		{940D4B52-D113-4AB1-8973-3E50E4EE1115}.Debug|Any CPU.ActiveCfg = Debug|Any CPU
		{940D4B52-D113-4AB1-8973-3E50E4EE1115}.Debug|Any CPU.Build.0 = Debug|Any CPU
		{940D4B52-D113-4AB1-8973-3E50E4EE1115}.Release|Any CPU.ActiveCfg = Release|Any CPU
		{940D4B52-D113-4AB1-8973-3E50E4EE1115}.Release|Any CPU.Build.0 = Release|Any CPU
	EndGlobalSection
	GlobalSection(SolutionProperties) = preSolution
		HideSolutionNode = FALSE
	EndGlobalSection
	GlobalSection(ExtensibilityGlobals) = postSolution
		SolutionGuid = {3F67A766-7E99-4867-9C56-32F4153E46D0}
	EndGlobalSection
EndGlobal
